
Microsoft Visual Studio Solution File, Format Version 12.00
# Visual Studio Version 17
VisualStudioVersion = 17.0.31903.59
MinimumVisualStudioVersion = 10.0.40219.1
Project("{2150E333-8FDC-42A3-9474-1A3956D46DE8}") = "src", "src", "{827E0CD3-B72D-47B6-A68D-7590B98EB39B}"
EndProject
Project("{FAE04EC0-301F-11D3-BF4B-00C04F79EFBC}") = "LanTalk.App", "src\LanTalk.App\LanTalk.App.csproj", "{459DB0A4-C222-4670-8DBA-D3F986F13D14}"
EndProject
Project("{FAE04EC0-301F-11D3-BF4B-00C04F79EFBC}") = "LanTalk.Core", "src\LanTalk.Core\LanTalk.Core.csproj", "{1B64C33C-D042-453D-AF81-BEB64A0E6C7A}"
EndProject
Project("{FAE04EC0-301F-11D3-BF4B-00C04F79EFBC}") = "LanTalk.Network", "src\LanTalk.Network\LanTalk.Network.csproj", "{FB6633F6-49A7-4622-A38A-6A850EC7446C}"
EndProject
Project("{FAE04EC0-301F-11D3-BF4B-00C04F79EFBC}") = "LanTalk.Storage", "src\LanTalk.Storage\LanTalk.Storage.csproj", "{C65E48C3-E284-4CC3-937F-00469112AB15}"
EndProject
Project("{2150E333-8FDC-42A3-9474-1A3956D46DE8}") = "tests", "tests", "{0AB3BF05-4346-4AA6-1389-037BE0695223}"
EndProject
Project("{FAE04EC0-301F-11D3-BF4B-00C04F79EFBC}") = "LanTalk.Tests", "tests\LanTalk.Tests\LanTalk.Tests.csproj", "{4ABEB907-704A-4CA9-BF78-E8B2965C5D17}"
EndProject
Global
	GlobalSection(SolutionConfigurationPlatforms) = preSolution
		Debug|Any CPU = Debug|Any CPU
		Debug|x64 = Debug|x64
		Debug|x86 = Debug|x86
		Release|Any CPU = Release|Any CPU
		Release|x64 = Release|x64
		Release|x86 = Release|x86
	EndGlobalSection
	GlobalSection(ProjectConfigurationPlatforms) = postSolution
		{459DB0A4-C222-4670-8DBA-D3F986F13D14}.Debug|Any CPU.ActiveCfg = Debug|Any CPU
		{459DB0A4-C222-4670-8DBA-D3F986F13D14}.Debug|Any CPU.Build.0 = Debug|Any CPU
		{459DB0A4-C222-4670-8DBA-D3F986F13D14}.Debug|x64.ActiveCfg = Debug|Any CPU
		{459DB0A4-C222-4670-8DBA-D3F986F13D14}.Debug|x64.Build.0 = Debug|Any CPU
		{459DB0A4-C222-4670-8DBA-D3F986F13D14}.Debug|x86.ActiveCfg = Debug|Any CPU
		{459DB0A4-C222-4670-8DBA-D3F986F13D14}.Debug|x86.Build.0 = Debug|Any CPU
		{459DB0A4-C222-4670-8DBA-D3F986F13D14}.Release|Any CPU.ActiveCfg = Release|Any CPU
		{459DB0A4-C222-4670-8DBA-D3F986F13D14}.Release|Any CPU.Build.0 = Release|Any CPU
		{459DB0A4-C222-4670-8DBA-D3F986F13D14}.Release|x64.ActiveCfg = Release|Any CPU
		{459DB0A4-C222-4670-8DBA-D3F986F13D14}.Release|x64.Build.0 = Release|Any CPU
		{459DB0A4-C222-4670-8DBA-D3F986F13D14}.Release|x86.ActiveCfg = Release|Any CPU
		{459DB0A4-C222-4670-8DBA-D3F986F13D14}.Release|x86.Build.0 = Release|Any CPU
		{1B64C33C-D042-453D-AF81-BEB64A0E6C7A}.Debug|Any CPU.ActiveCfg = Debug|Any CPU
		{1B64C33C-D042-453D-AF81-BEB64A0E6C7A}.Debug|Any CPU.Build.0 = Debug|Any CPU
		{1B64C33C-D042-453D-AF81-BEB64A0E6C7A}.Debug|x64.ActiveCfg = Debug|Any CPU
		{1B64C33C-D042-453D-AF81-BEB64A0E6C7A}.Debug|x64.Build.0 = Debug|Any CPU
		{1B64C33C-D042-453D-AF81-BEB64A0E6C7A}.Debug|x86.ActiveCfg = Debug|Any CPU
		{1B64C33C-D042-453D-AF81-BEB64A0E6C7A}.Debug|x86.Build.0 = Debug|Any CPU
		{1B64C33C-D042-453D-AF81-BEB64A0E6C7A}.Release|Any CPU.ActiveCfg = Release|Any CPU
		{1B64C33C-D042-453D-AF81-BEB64A0E6C7A}.Release|Any CPU.Build.0 = Release|Any CPU
		{1B64C33C-D042-453D-AF81-BEB64A0E6C7A}.Release|x64.ActiveCfg = Release|Any CPU
		{1B64C33C-D042-453D-AF81-BEB64A0E6C7A}.Release|x64.Build.0 = Release|Any CPU
		{1B64C33C-D042-453D-AF81-BEB64A0E6C7A}.Release|x86.ActiveCfg = Release|Any CPU
		{1B64C33C-D042-453D-AF81-BEB64A0E6C7A}.Release|x86.Build.0 = Release|Any CPU
		{FB6633F6-49A7-4622-A38A-6A850EC7446C}.Debug|Any CPU.ActiveCfg = Debug|Any CPU
		{FB6633F6-49A7-4622-A38A-6A850EC7446C}.Debug|Any CPU.Build.0 = Debug|Any CPU
		{FB6633F6-49A7-4622-A38A-6A850EC7446C}.Debug|x64.ActiveCfg = Debug|Any CPU
		{FB6633F6-49A7-4622-A38A-6A850EC7446C}.Debug|x64.Build.0 = Debug|Any CPU
		{FB6633F6-49A7-4622-A38A-6A850EC7446C}.Debug|x86.ActiveCfg = Debug|Any CPU
		{FB6633F6-49A7-4622-A38A-6A850EC7446C}.Debug|x86.Build.0 = Debug|Any CPU
		{FB6633F6-49A7-4622-A38A-6A850EC7446C}.Release|Any CPU.ActiveCfg = Release|Any CPU
		{FB6633F6-49A7-4622-A38A-6A850EC7446C}.Release|Any CPU.Build.0 = Release|Any CPU
		{FB6633F6-49A7-4622-A38A-6A850EC7446C}.Release|x64.ActiveCfg = Release|Any CPU
		{FB6633F6-49A7-4622-A38A-6A850EC7446C}.Release|x64.Build.0 = Release|Any CPU
		{FB6633F6-49A7-4622-A38A-6A850EC7446C}.Release|x86.ActiveCfg = Release|Any CPU
		{FB6633F6-49A7-4622-A38A-6A850EC7446C}.Release|x86.Build.0 = Release|Any CPU
		{C65E48C3-E284-4CC3-937F-00469112AB15}.Debug|Any CPU.ActiveCfg = Debug|Any CPU
		{C65E48C3-E284-4CC3-937F-00469112AB15}.Debug|Any CPU.Build.0 = Debug|Any CPU
		{C65E48C3-E284-4CC3-937F-00469112AB15}.Debug|x64.ActiveCfg = Debug|Any CPU
		{C65E48C3-E284-4CC3-937F-00469112AB15}.Debug|x64.Build.0 = Debug|Any CPU
		{C65E48C3-E284-4CC3-937F-00469112AB15}.Debug|x86.ActiveCfg = Debug|Any CPU
		{C65E48C3-E284-4CC3-937F-00469112AB15}.Debug|x86.Build.0 = Debug|Any CPU
		{C65E48C3-E284-4CC3-937F-00469112AB15}.Release|Any CPU.ActiveCfg = Release|Any CPU
		{C65E48C3-E284-4CC3-937F-00469112AB15}.Release|Any CPU.Build.0 = Release|Any CPU
		{C65E48C3-E284-4CC3-937F-00469112AB15}.Release|x64.ActiveCfg = Release|Any CPU
		{C65E48C3-E284-4CC3-937F-00469112AB15}.Release|x64.Build.0 = Release|Any CPU
		{C65E48C3-E284-4CC3-937F-00469112AB15}.Release|x86.ActiveCfg = Release|Any CPU
		{C65E48C3-E284-4CC3-937F-00469112AB15}.Release|x86.Build.0 = Release|Any CPU
		{4ABEB907-704A-4CA9-BF78-E8B2965C5D17}.Debug|Any CPU.ActiveCfg = Debug|Any CPU
		{4ABEB907-704A-4CA9-BF78-E8B2965C5D17}.Debug|Any CPU.Build.0 = Debug|Any CPU
		{4ABEB907-704A-4CA9-BF78-E8B2965C5D17}.Debug|x64.ActiveCfg = Debug|Any CPU
		{4ABEB907-704A-4CA9-BF78-E8B2965C5D17}.Debug|x64.Build.0 = Debug|Any CPU
		{4ABEB907-704A-4CA9-BF78-E8B2965C5D17}.Debug|x86.ActiveCfg = Debug|Any CPU
		{4ABEB907-704A-4CA9-BF78-E8B2965C5D17}.Debug|x86.Build.0 = Debug|Any CPU
		{4ABEB907-704A-4CA9-BF78-E8B2965C5D17}.Release|Any CPU.ActiveCfg = Release|Any CPU
		{4ABEB907-704A-4CA9-BF78-E8B2965C5D17}.Release|Any CPU.Build.0 = Release|Any CPU
		{4ABEB907-704A-4CA9-BF78-E8B2965C5D17}.Release|x64.ActiveCfg = Release|Any CPU
		{4ABEB907-704A-4CA9-BF78-E8B2965C5D17}.Release|x64.Build.0 = Release|Any CPU
		{4ABEB907-704A-4CA9-BF78-E8B2965C5D17}.Release|x86.ActiveCfg = Release|Any CPU
		{4ABEB907-704A-4CA9-BF78-E8B2965C5D17}.Release|x86.Build.0 = Release|Any CPU
	EndGlobalSection
	GlobalSection(SolutionProperties) = preSolution
		HideSolutionNode = FALSE
	EndGlobalSection
	GlobalSection(NestedProjects) = preSolution
		{459DB0A4-C222-4670-8DBA-D3F986F13D14} = {827E0CD3-B72D-47B6-A68D-7590B98EB39B}
		{1B64C33C-D042-453D-AF81-BEB64A0E6C7A} = {827E0CD3-B72D-47B6-A68D-7590B98EB39B}
		{FB6633F6-49A7-4622-A38A-6A850EC7446C} = {827E0CD3-B72D-47B6-A68D-7590B98EB39B}
		{C65E48C3-E284-4CC3-937F-00469112AB15} = {827E0CD3-B72D-47B6-A68D-7590B98EB39B}
		{4ABEB907-704A-4CA9-BF78-E8B2965C5D17} = {0AB3BF05-4346-4AA6-1389-037BE0695223}
	EndGlobalSection
EndGlobal
